# This file is automatically @generated by Poetry 2.1.0 and should not be changed by hand.

[[package]]
name = "dotenv"
version = "0.9.9"
description = "Deprecated package"
optional = false
python-versions = "*"
groups = ["main"]
files = [
    {file = "dotenv-0.9.9-py2.py3-none-any.whl", hash = "sha256:29cf74a087b31dafdb5a446b6d7e11cbce8ed2741540e2339c69fbef92c94ce9"},
]

[package.dependencies]
python-dotenv = "*"

[[package]]
name = "logging"
version = "0.4.9.6"
description = "A logging module for Python"
optional = false
python-versions = "*"
groups = ["main"]
files = [
    {file = "logging-0.4.9.6.tar.gz", hash = "sha256:26f6b50773f085042d301085bd1bf5d9f3735704db9f37c1ce6d8b85c38f2417"},
]

[[package]]
name = "python-dotenv"
version = "1.1.0"
description = "Read key-value pairs from a .env file and set them as environment variables"
optional = false
python-versions = ">=3.9"
groups = ["main"]
files = [
    {file = "python_dotenv-1.1.0-py3-none-any.whl", hash = "sha256:d7c01d9e2293916c18baf562d95698754b0dbbb5e74d457c45d4f6561fb9d55d"},
    {file = "python_dotenv-1.1.0.tar.gz", hash = "sha256:41f90bc6f5f177fb41f53e87666db362025010eb28f60a01c9143bfa33a2b2d5"},
]

[package.extras]
cli = ["click (>=5.0)"]

[[package]]
name = "ua-parser"
version = "1.0.1"
description = "Python port of Browserscope's user agent parser"
optional = false
python-versions = ">=3.9"
groups = ["main"]
files = [
    {file = "ua_parser-1.0.1-py3-none-any.whl", hash = "sha256:b059f2cb0935addea7e551251cbbf42e9a8872f86134163bc1a4f79e0945ffea"},
    {file = "ua_parser-1.0.1.tar.gz", hash = "sha256:f9d92bf19d4329019cef91707aecc23c6d65143ad7e29a233f0580fb0d15547d"},
]

[package.dependencies]
ua-parser-builtins = "*"

[package.extras]
re2 = ["google-re2"]
regex = ["ua-parser-rs"]
yaml = ["PyYaml"]

[[package]]
name = "ua-parser-builtins"
version = "0.18.0.post1"
description = "Precompiled rules for User Agent Parser"
optional = false
python-versions = ">=3.9"
groups = ["main"]
files = [
    {file = "ua_parser_builtins-0.18.0.post1-py3-none-any.whl", hash = "sha256:eb4f93504040c3a990a6b0742a2afd540d87d7f9f05fd66e94c101db1564674d"},
]

[[package]]
name = "user-agents"
version = "2.2.0"
description = "A library to identify devices (phones, tablets) and their capabilities by parsing browser user agent strings."
optional = false
python-versions = "*"
groups = ["main"]
files = [
    {file = "user-agents-2.2.0.tar.gz", hash = "sha256:d36d25178db65308d1458c5fa4ab39c9b2619377010130329f3955e7626ead26"},
    {file = "user_agents-2.2.0-py3-none-any.whl", hash = "sha256:a98c4dc72ecbc64812c4534108806fb0a0b3a11ec3fd1eafe807cee5b0a942e7"},
]

[package.dependencies]
ua-parser = ">=0.10.0"

[metadata]
lock-version = "2.1"
python-versions = ">=3.12"
content-hash = "5aca55da18ccea9ea0ae772a7a4c4edf4b0c55999d8be8c3853e23950622010c"
