# This file is automatically @generated by Poetry 2.1.3 and should not be changed by hand.

[[package]]
name = "psutil"
version = "7.0.0"
description = "Cross-platform lib for process and system monitoring in Python.  NOTE: the syntax of this script MUST be kept compatible with Python 2.7."
optional = false
python-versions = ">=3.6"
groups = ["main"]
files = [
    {file = "psutil-7.0.0-cp36-abi3-macosx_10_9_x86_64.whl", hash = "sha256:101d71dc322e3cffd7cea0650b09b3d08b8e7c4109dd6809fe452dfd00e58b25"},
    {file = "psutil-7.0.0-cp36-abi3-macosx_11_0_arm64.whl", hash = "sha256:39db632f6bb862eeccf56660871433e111b6ea58f2caea825571951d4b6aa3da"},
    {file = "psutil-7.0.0-cp36-abi3-manylinux_2_12_i686.manylinux2010_i686.manylinux_2_17_i686.manylinux2014_i686.whl", hash = "sha256:1fcee592b4c6f146991ca55919ea3d1f8926497a713ed7faaf8225e174581e91"},
    {file = "psutil-7.0.0-cp36-abi3-manylinux_2_12_x86_64.manylinux2010_x86_64.manylinux_2_17_x86_64.manylinux2014_x86_64.whl", hash = "sha256:4b1388a4f6875d7e2aff5c4ca1cc16c545ed41dd8bb596cefea80111db353a34"},
    {file = "psutil-7.0.0-cp36-abi3-manylinux_2_17_aarch64.manylinux2014_aarch64.whl", hash = "sha256:a5f098451abc2828f7dc6b58d44b532b22f2088f4999a937557b603ce72b1993"},
    {file = "psutil-7.0.0-cp36-cp36m-win32.whl", hash = "sha256:84df4eb63e16849689f76b1ffcb36db7b8de703d1bc1fe41773db487621b6c17"},
    {file = "psutil-7.0.0-cp36-cp36m-win_amd64.whl", hash = "sha256:1e744154a6580bc968a0195fd25e80432d3afec619daf145b9e5ba16cc1d688e"},
    {file = "psutil-7.0.0-cp37-abi3-win32.whl", hash = "sha256:ba3fcef7523064a6c9da440fc4d6bd07da93ac726b5733c29027d7dc95b39d99"},
    {file = "psutil-7.0.0-cp37-abi3-win_amd64.whl", hash = "sha256:4cf3d4eb1aa9b348dec30105c55cd9b7d4629285735a102beb4441e38db90553"},
    {file = "psutil-7.0.0.tar.gz", hash = "sha256:7be9c3eba38beccb6495ea33afd982a44074b78f28c434a1f51cc07fd315c456"},
]

[package.extras]
dev = ["abi3audit", "black (==24.10.0)", "check-manifest", "coverage", "packaging", "pylint", "pyperf", "pypinfo", "pytest", "pytest-cov", "pytest-xdist", "requests", "rstcheck", "ruff", "setuptools", "sphinx", "sphinx_rtd_theme", "toml-sort", "twine", "virtualenv", "vulture", "wheel"]
test = ["pytest", "pytest-xdist", "setuptools"]

[[package]]
name = "python-dotenv"
version = "1.1.0"
description = "Read key-value pairs from a .env file and set them as environment variables"
optional = false
python-versions = ">=3.9"
groups = ["main"]
files = [
    {file = "python_dotenv-1.1.0-py3-none-any.whl", hash = "sha256:d7c01d9e2293916c18baf562d95698754b0dbbb5e74d457c45d4f6561fb9d55d"},
    {file = "python_dotenv-1.1.0.tar.gz", hash = "sha256:41f90bc6f5f177fb41f53e87666db362025010eb28f60a01c9143bfa33a2b2d5"},
]

[package.extras]
cli = ["click (>=5.0)"]

[[package]]
name = "ua-parser"
version = "1.0.1"
description = "Python port of Browserscope's user agent parser"
optional = false
python-versions = ">=3.9"
groups = ["main"]
files = [
    {file = "ua_parser-1.0.1-py3-none-any.whl", hash = "sha256:b059f2cb0935addea7e551251cbbf42e9a8872f86134163bc1a4f79e0945ffea"},
    {file = "ua_parser-1.0.1.tar.gz", hash = "sha256:f9d92bf19d4329019cef91707aecc23c6d65143ad7e29a233f0580fb0d15547d"},
]

[package.dependencies]
ua-parser-builtins = "*"

[package.extras]
re2 = ["google-re2"]
regex = ["ua-parser-rs"]
yaml = ["PyYaml"]

[[package]]
name = "ua-parser-builtins"
version = "0.18.0.post1"
description = "Precompiled rules for User Agent Parser"
optional = false
python-versions = ">=3.9"
groups = ["main"]
files = [
    {file = "ua_parser_builtins-0.18.0.post1-py3-none-any.whl", hash = "sha256:eb4f93504040c3a990a6b0742a2afd540d87d7f9f05fd66e94c101db1564674d"},
]

[[package]]
name = "user-agents"
version = "2.2.0"
description = "A library to identify devices (phones, tablets) and their capabilities by parsing browser user agent strings."
optional = false
python-versions = "*"
groups = ["main"]
files = [
    {file = "user-agents-2.2.0.tar.gz", hash = "sha256:d36d25178db65308d1458c5fa4ab39c9b2619377010130329f3955e7626ead26"},
    {file = "user_agents-2.2.0-py3-none-any.whl", hash = "sha256:a98c4dc72ecbc64812c4534108806fb0a0b3a11ec3fd1eafe807cee5b0a942e7"},
]

[package.dependencies]
ua-parser = ">=0.10.0"

[metadata]
lock-version = "2.1"
python-versions = ">=3.12"
content-hash = "17f97d9521eaee2bbf0f25469ad5d37041c9373e30c09a36381d8822fe7518a0"
